
Microsoft Visual Studio Solution File, Format Version 12.00
# Visual Studio Version 16
VisualStudioVersion = 16.0.31005.135
MinimumVisualStudioVersion = 10.0.40219.1
Project("{FAE04EC0-301F-11D3-BF4B-00C04F79EFBC}") = "1. Problem", "1. Problem\1. Problem.csproj", "{D2D5EC7F-E85E-4E29-A596-B8391B859DDE}"
EndProject
Project("{FAE04EC0-301F-11D3-BF4B-00C04F79EFBC}") = "2. Employees Management", "2. Employees Management\2. Employees Management.csproj", "{A20436F9-00E5-4203-8662-9B9930730AC6}"
EndProject
Project("{FAE04EC0-301F-11D3-BF4B-00C04F79EFBC}") = "FizzBuzz", "FizzBuzz\FizzBuzz.csproj", "{16DFCD5F-1B8D-4083-8144-4EF3FCC175B0}"
EndProject
Global
	GlobalSection(SolutionConfigurationPlatforms) = preSolution
		Debug|Any CPU = Debug|Any CPU
		Release|Any CPU = Release|Any CPU
	EndGlobalSection
	GlobalSection(ProjectConfigurationPlatforms) = postSolution
		{D2D5EC7F-E85E-4E29-A596-B8391B859DDE}.Debug|Any CPU.ActiveCfg = Debug|Any CPU
		{D2D5EC7F-E85E-4E29-A596-B8391B859DDE}.Debug|Any CPU.Build.0 = Debug|Any CPU
		{D2D5EC7F-E85E-4E29-A596-B8391B859DDE}.Release|Any CPU.ActiveCfg = Release|Any CPU
		{D2D5EC7F-E85E-4E29-A596-B8391B859DDE}.Release|Any CPU.Build.0 = Release|Any CPU
		{A20436F9-00E5-4203-8662-9B9930730AC6}.Debug|Any CPU.ActiveCfg = Debug|Any CPU
		{A20436F9-00E5-4203-8662-9B9930730AC6}.Debug|Any CPU.Build.0 = Debug|Any CPU
		{A20436F9-00E5-4203-8662-9B9930730AC6}.Release|Any CPU.ActiveCfg = Release|Any CPU
		{A20436F9-00E5-4203-8662-9B9930730AC6}.Release|Any CPU.Build.0 = Release|Any CPU
		{16DFCD5F-1B8D-4083-8144-4EF3FCC175B0}.Debug|Any CPU.ActiveCfg = Debug|Any CPU
		{16DFCD5F-1B8D-4083-8144-4EF3FCC175B0}.Debug|Any CPU.Build.0 = Debug|Any CPU
		{16DFCD5F-1B8D-4083-8144-4EF3FCC175B0}.Release|Any CPU.ActiveCfg = Release|Any CPU
		{16DFCD5F-1B8D-4083-8144-4EF3FCC175B0}.Release|Any CPU.Build.0 = Release|Any CPU
	EndGlobalSection
	GlobalSection(SolutionProperties) = preSolution
		HideSolutionNode = FALSE
	EndGlobalSection
	GlobalSection(ExtensibilityGlobals) = postSolution
		SolutionGuid = {AD81214E-D303-4034-9BF6-7C2F026DFE47}
	EndGlobalSection
EndGlobal
