
Microsoft Visual Studio Solution File, Format Version 12.00
# Visual Studio Version 16
VisualStudioVersion = 16.0.31129.286
MinimumVisualStudioVersion = 10.0.40219.1
Project("{FAE04EC0-301F-11D3-BF4B-00C04F79EFBC}") = "SearchOccurenciesInBinaryTree", "ConsoleApp1\SearchOccurenciesInBinaryTree.csproj", "{5C56EEFC-4199-41E8-BBEA-2EE395D5A66E}"
EndProject
Global
	GlobalSection(SolutionConfigurationPlatforms) = preSolution
		Debug|Any CPU = Debug|Any CPU
		Release|Any CPU = Release|Any CPU
	EndGlobalSection
	GlobalSection(ProjectConfigurationPlatforms) = postSolution
		{5C56EEFC-4199-41E8-BBEA-2EE395D5A66E}.Debug|Any CPU.ActiveCfg = Debug|Any CPU
		{5C56EEFC-4199-41E8-BBEA-2EE395D5A66E}.Debug|Any CPU.Build.0 = Debug|Any CPU
		{5C56EEFC-4199-41E8-BBEA-2EE395D5A66E}.Release|Any CPU.ActiveCfg = Release|Any CPU
		{5C56EEFC-4199-41E8-BBEA-2EE395D5A66E}.Release|Any CPU.Build.0 = Release|Any CPU
	EndGlobalSection
	GlobalSection(SolutionProperties) = preSolution
		HideSolutionNode = FALSE
	EndGlobalSection
	GlobalSection(ExtensibilityGlobals) = postSolution
		SolutionGuid = {4AF536DF-871C-4290-AA8E-E48422989152}
	EndGlobalSection
EndGlobal
