
Microsoft Visual Studio Solution File, Format Version 12.00
# Visual Studio Version 16
VisualStudioVersion = 16.0.31112.23
MinimumVisualStudioVersion = 10.0.40219.1
Project("{FAE04EC0-301F-11D3-BF4B-00C04F79EFBC}") = "EndavaExam", "EndavaExam\EndavaExam.csproj", "{1C63F83A-9D0E-4001-9EFC-307B5DA37F49}"
EndProject
Global
	GlobalSection(SolutionConfigurationPlatforms) = preSolution
		Debug|Any CPU = Debug|Any CPU
		Release|Any CPU = Release|Any CPU
	EndGlobalSection
	GlobalSection(ProjectConfigurationPlatforms) = postSolution
		{1C63F83A-9D0E-4001-9EFC-307B5DA37F49}.Debug|Any CPU.ActiveCfg = Debug|Any CPU
		{1C63F83A-9D0E-4001-9EFC-307B5DA37F49}.Debug|Any CPU.Build.0 = Debug|Any CPU
		{1C63F83A-9D0E-4001-9EFC-307B5DA37F49}.Release|Any CPU.ActiveCfg = Release|Any CPU
		{1C63F83A-9D0E-4001-9EFC-307B5DA37F49}.Release|Any CPU.Build.0 = Release|Any CPU
	EndGlobalSection
	GlobalSection(SolutionProperties) = preSolution
		HideSolutionNode = FALSE
	EndGlobalSection
	GlobalSection(ExtensibilityGlobals) = postSolution
		SolutionGuid = {E7786DA3-E94E-4C6D-BD94-0C1813628491}
	EndGlobalSection
EndGlobal
